lockfileVersion: '9.0'

settings:
  autoInstallPeers: true
  excludeLinksFromLockfile: false

importers:

  .:
    devDependencies:
      '@kungfu-tech/buildchain':
        specifier: 3.0.4-alpha.9
        version: 3.0.4-alpha.9

packages:

  '@kungfu-tech/buildchain@3.0.4-alpha.9':
    resolution: {integrity: sha512-25FPynwTnCS8A/yFvTwrpX8GWBUpcc+LwDOy45gaQ7naEev2a4ctqyRLqYIhqsKJ/3Q2HYeyKJguJBk20If4qg==}
    engines: {node: '>=22.14.0'}
    hasBin: true

  '@kungfu-tech/kfd@1.0.0-alpha.47':
    resolution: {integrity: sha512-tFyFev5UKm2snujWB0FXwHkwLpKhWxmE16MPjn1zSyl0X/y7QTERG7oCL0TIBuMpKC20QnNi6r0oVKRawyQ7fA==}
    hasBin: true

  smol-toml@1.7.0:
    resolution: {integrity: sha512-aqVvWoyO21L23mb+drl4RmMXbf6N7FdHjAhTRA9ZBL7apWBgfWC16KjrASI+1p9GAroljyMHj6fK67i0UiTNvQ==}
    engines: {node: '>= 18'}

snapshots:

  '@kungfu-tech/buildchain@3.0.4-alpha.9':
    dependencies:
      '@kungfu-tech/kfd': 1.0.0-alpha.47
      smol-toml: 1.7.0

  '@kungfu-tech/kfd@1.0.0-alpha.47': {}

  smol-toml@1.7.0: {}
