lockfileVersion: '9.0'

settings:
  autoInstallPeers: true
  excludeLinksFromLockfile: false

importers:

  .:
    devDependencies:
      '@kungfu-tech/buildchain':
        specifier: 4.0.2-alpha.44
        version: 4.0.2-alpha.44

packages:

  '@kungfu-tech/buildchain@4.0.2-alpha.44':
    resolution: {integrity: sha512-hutZNmCWJXG9IsavQuUragMMQGbPWyCa+71/eruBuLxn1pjXQ/oqLIYESU01HLicegPCDt5WEV0EmKEz5P0lCQ==}
    engines: {node: '>=22.14.0'}
    hasBin: true

  '@kungfu-tech/kfd@1.0.0-alpha.62':
    resolution: {integrity: sha512-x5MgFZzphfOo3BiWH8zdyw0JcGGTxVZ5x/0Vzyv0xKOh4RvwVzdGW4kRffIgVQ6bWXCeZFkgz9d1iSlfcHcfMw==}
    hasBin: true

  smol-toml@1.7.0:
    resolution: {integrity: sha512-aqVvWoyO21L23mb+drl4RmMXbf6N7FdHjAhTRA9ZBL7apWBgfWC16KjrASI+1p9GAroljyMHj6fK67i0UiTNvQ==}
    engines: {node: '>= 18'}

snapshots:

  '@kungfu-tech/buildchain@4.0.2-alpha.44':
    dependencies:
      '@kungfu-tech/kfd': 1.0.0-alpha.62
      smol-toml: 1.7.0

  '@kungfu-tech/kfd@1.0.0-alpha.62': {}

  smol-toml@1.7.0: {}
